# THIS IS AN AUTOGENERATED FILE. DO NOT EDIT THIS FILE DIRECTLY.
# yarn lockfile v1


"@babel/runtime@^7.5.5", "@babel/runtime@^7.8.7":
  version "7.9.2"
  resolved "https://registry.yarnpkg.com/@babel/runtime/-/runtime-7.9.2.tgz#d90df0583a3a252f09aaa619665367bae518db06"
  integrity sha512-NE2DtOdufG7R5vnfQUTehdTfNycfUANEtCa9PssN9O/xmTzP4E08UI797ixaei6hBEVL9BI/PsdJS5x7mWoB9Q==
  dependencies:
    regenerator-runtime "^0.13.4"

"@formatjs/intl-displaynames@^1.2.4":
  version "1.2.4"
  resolved "https://registry.yarnpkg.com/@formatjs/intl-displaynames/-/intl-displaynames-1.2.4.tgz#c9fffd19cd8a69bab202b2db90ded00c7b85093a"
  integrity sha512-c9Wv/TJLrdQJvrR6NbF63ZMNHE2IVCuxwo4riVLb3YmvR6yK6dI5BT3tdLBvtg5oCY/MECx3O2UirmfQjWf1mA==
  dependencies:
    "@formatjs/intl-utils" "^2.2.2"

"@formatjs/intl-listformat@^1.4.4":
  version "1.4.4"
  resolved "https://registry.yarnpkg.com/@formatjs/intl-listformat/-/intl-listformat-1.4.4.tgz#87af681a3eadaa04387269f3e36b6f5b01c0e79a"
  integrity sha512-b9DFftQDQEE4fVHX8WFCIXLWdlt98XPyXoyNt9wTSOhUZBJUmu97w9y8fRZnPry6pES/D9yGLJeD4/XDjG0tbw==
  dependencies:
    "@formatjs/intl-utils" "^2.2.2"

"@formatjs/intl-relativetimeformat@^4.5.12":
  version "4.5.12"
  resolved "https://registry.yarnpkg.com/@formatjs/intl-relativetimeformat/-/intl-relativetimeformat-4.5.12.tgz#2d2365f62c15524a40b63627cd62924f6196dd4e"
  integrity sha512-Fh57ZnwOgAIA61i3BQhTb8C8OrCP1zDLQ35xzJ7yv/UiDDExAS8rQPf80+7Hu/8+kydL1DDgVY1PXvE63fxF+Q==
  dependencies:
    "@formatjs/intl-utils" "^2.2.2"

"@formatjs/intl-unified-numberformat@^3.3.3":
  version "3.3.3"
  resolved "https://registry.yarnpkg.com/@formatjs/intl-unified-numberformat/-/intl-unified-numberformat-3.3.3.tgz#c0006fb06588ccce614df50f3469ca2ec92816f2"
  integrity sha512-dic7DA8REMy8gkidkCSoWqTjaLIlCyLJ5fDtlgHzK/ftwxAlbSSHkbeozZ/IKQDPbbcSppI/t9hp9KT+co/Ksg==
  dependencies:
    "@formatjs/intl-utils" "^2.2.2"

"@formatjs/intl-utils@^2.2.2":
  version "2.2.2"
  resolved "https://registry.yarnpkg.com/@formatjs/intl-utils/-/intl-utils-2.2.2.tgz#adc448035c2e3f60c550bd27c97eca336e641f5a"
  integrity sha512-rKINaMRYH3FeNwYjEQwPtsA0kP2/hLLMB9mLi/QYfszz/huTqkInFmYilFRCX4oLlhFXDK5UQQMGNfEavN02Sg==

"@types/classnames@^2.2.10":
  version "2.2.10"
  resolved "https://registry.yarnpkg.com/@types/classnames/-/classnames-2.2.10.tgz#cc658ca319b6355399efc1f5b9e818f1a24bf999"
  integrity sha512-1UzDldn9GfYYEsWWnn/P4wkTlkZDH7lDb0wBMGbtIQc9zXEQq7FlKBdZUn6OBqD8sKZZ2RQO2mAjGpXiDGoRmQ==

"@types/hoist-non-react-statics@^3.3.1":
  version "3.3.1"
  resolved "https://registry.yarnpkg.com/@types/hoist-non-react-statics/-/hoist-non-react-statics-3.3.1.tgz#1124aafe5118cb591977aeb1ceaaed1070eb039f"
  integrity sha512-iMIqiko6ooLrTh1joXodJK5X9xeEALT1kM5G3ZLhD3hszxBdIEd5C75U834D9mLcINgD4OyZf5uQXjkuYydWvA==
  dependencies:
    "@types/react" "*"
    hoist-non-react-statics "^3.3.0"

"@types/invariant@^2.2.31":
  version "2.2.31"
  resolved "https://registry.yarnpkg.com/@types/invariant/-/invariant-2.2.31.tgz#4444c03004f215289dbca3856538434317dd28b2"
  integrity sha512-jMlgg9pIURvy9jgBHCjQp/CyBjYHUwj91etVcDdXkFl2CwTFiQlB+8tcsMeXpXf2PFE5X2pjk4Gm43hQSMHAdA==

"@types/node@^13.11.1":
  version "13.11.1"
  resolved "https://registry.yarnpkg.com/@types/node/-/node-13.11.1.tgz#49a2a83df9d26daacead30d0ccc8762b128d53c7"
  integrity sha512-eWQGP3qtxwL8FGneRrC5DwrJLGN4/dH1clNTuLfN81HCrxVtxRjygDTUoZJ5ASlDEeo0ppYFQjQIlXhtXpOn6g==

"@types/prop-types@*":
  version "15.7.3"
  resolved "https://registry.yarnpkg.com/@types/prop-types/-/prop-types-15.7.3.tgz#2ab0d5da2e5815f94b0b9d4b95d1e5f243ab2ca7"
  integrity sha512-KfRL3PuHmqQLOG+2tGpRO26Ctg+Cq1E01D2DMriKEATHgWLfeNDmq9e29Q9WIky0dQ3NPkd1mzYH8Lm936Z9qw==

"@types/react-dom@^16.9.6":
  version "16.9.6"
  resolved "https://registry.yarnpkg.com/@types/react-dom/-/react-dom-16.9.6.tgz#9e7f83d90566521cc2083be2277c6712dcaf754c"
  integrity sha512-S6ihtlPMDotrlCJE9ST1fRmYrQNNwfgL61UB4I1W7M6kPulUKx9fXAleW5zpdIjUQ4fTaaog8uERezjsGUj9HQ==
  dependencies:
    "@types/react" "*"

"@types/react-transition-group@^4.2.4":
  version "4.2.4"
  resolved "https://registry.yarnpkg.com/@types/react-transition-group/-/react-transition-group-4.2.4.tgz#c7416225987ccdb719262766c1483da8f826838d"
  integrity sha512-8DMUaDqh0S70TjkqU0DxOu80tFUiiaS9rxkWip/nb7gtvAsbqOXm02UCmR8zdcjWujgeYPiPNTVpVpKzUDotwA==
  dependencies:
    "@types/react" "*"

"@types/react@*", "@types/react@^16.9.34":
  version "16.9.34"
  resolved "https://registry.yarnpkg.com/@types/react/-/react-16.9.34.tgz#f7d5e331c468f53affed17a8a4d488cd44ea9349"
  integrity sha512-8AJlYMOfPe1KGLKyHpflCg5z46n0b5DbRfqDksxBLBTUpB75ypDBAO9eCUcjNwE6LCUslwTz00yyG/X9gaVtow==
  dependencies:
    "@types/prop-types" "*"
    csstype "^2.2.0"

asap@~2.0.3:
  version "2.0.6"
  resolved "https://registry.yarnpkg.com/asap/-/asap-2.0.6.tgz#e50347611d7e690943208bbdafebcbc2fb866d46"
  integrity sha1-5QNHYR1+aQlDIIu9r+vLwvuGbUY=

base16@^1.0.0:
  version "1.0.0"
  resolved "https://registry.yarnpkg.com/base16/-/base16-1.0.0.tgz#e297f60d7ec1014a7a971a39ebc8a98c0b681e70"
  integrity sha1-4pf2DX7BAUp6lxo568ipjAtoHnA=

classnames@^2.2.6:
  version "2.2.6"
  resolved "https://registry.yarnpkg.com/classnames/-/classnames-2.2.6.tgz#43935bffdd291f326dad0a205309b38d00f650ce"
  integrity sha512-JR/iSQOSt+LQIWwrwEzJ9uk0xfN3mTVYMwt1Ir5mUcSN6pU+V4zQFFaJsclJbPuAUQH+yfWef6tm7l1quW3C8Q==

copy-to-clipboard@^3.3.1:
  version "3.3.1"
  resolved "https://registry.yarnpkg.com/copy-to-clipboard/-/copy-to-clipboard-3.3.1.tgz#115aa1a9998ffab6196f93076ad6da3b913662ae"
  integrity sha512-i13qo6kIHTTpCm8/Wup+0b1mVWETvu2kIMzKoK8FpkLkFxlt0znUAHcMzox+T8sPlqtZXq3CulEjQHsYiGFJUw==
  dependencies:
    toggle-selection "^1.0.6"

core-js@^1.0.0:
  version "1.2.7"
  resolved "https://registry.yarnpkg.com/core-js/-/core-js-1.2.7.tgz#652294c14651db28fa93bd2d5ff2983a4f08c636"
  integrity sha1-ZSKUwUZR2yj6k70tX/KYOk8IxjY=

csstype@^2.2.0, csstype@^2.6.7:
  version "2.6.10"
  resolved "https://registry.yarnpkg.com/csstype/-/csstype-2.6.10.tgz#e63af50e66d7c266edb6b32909cfd0aabe03928b"
  integrity sha512-D34BqZU4cIlMCY93rZHbrq9pjTAQJ3U8S8rfBqjwHxkGPThWFjzZDQpgMJY0QViLxth6ZKYiwFBo14RdN44U/w==

dom-helpers@^5.0.1:
  version "5.1.4"
  resolved "https://registry.yarnpkg.com/dom-helpers/-/dom-helpers-5.1.4.tgz#4609680ab5c79a45f2531441f1949b79d6587f4b"
  integrity sha512-TjMyeVUvNEnOnhzs6uAn9Ya47GmMo3qq7m+Lr/3ON0Rs5kHvb8I+SQYjLUSYn7qhEm0QjW0yrBkvz9yOrwwz1A==
  dependencies:
    "@babel/runtime" "^7.8.7"
    csstype "^2.6.7"

encoding@^0.1.11:
  version "0.1.12"
  resolved "https://registry.yarnpkg.com/encoding/-/encoding-0.1.12.tgz#538b66f3ee62cd1ab51ec323829d1f9480c74beb"
  integrity sha1-U4tm8+5izRq1HsMjgp0flIDHS+s=
  dependencies:
    iconv-lite "~0.4.13"

fbemitter@^2.0.0:
  version "2.1.1"
  resolved "https://registry.yarnpkg.com/fbemitter/-/fbemitter-2.1.1.tgz#523e14fdaf5248805bb02f62efc33be703f51865"
  integrity sha1-Uj4U/a9SSIBbsC9i78M75wP1GGU=
  dependencies:
    fbjs "^0.8.4"

fbjs@^0.8.0, fbjs@^0.8.4:
  version "0.8.17"
  resolved "https://registry.yarnpkg.com/fbjs/-/fbjs-0.8.17.tgz#c4d598ead6949112653d6588b01a5cdcd9f90fdd"
  integrity sha1-xNWY6taUkRJlPWWIsBpc3Nn5D90=
  dependencies:
    core-js "^1.0.0"
    isomorphic-fetch "^2.1.1"
    loose-envify "^1.0.0"
    object-assign "^4.1.0"
    promise "^7.1.1"
    setimmediate "^1.0.5"
    ua-parser-js "^0.7.18"

flux@^3.1.3:
  version "3.1.3"
  resolved "https://registry.yarnpkg.com/flux/-/flux-3.1.3.tgz#d23bed515a79a22d933ab53ab4ada19d05b2f08a"
  integrity sha1-0jvtUVp5oi2TOrU6tK2hnQWy8Io=
  dependencies:
    fbemitter "^2.0.0"
    fbjs "^0.8.0"

hoist-non-react-statics@^3.3.0, hoist-non-react-statics@^3.3.2:
  version "3.3.2"
  resolved "https://registry.yarnpkg.com/hoist-non-react-statics/-/hoist-non-react-statics-3.3.2.tgz#ece0acaf71d62c2969c2ec59feff42a4b1a85b45"
  integrity sha512-/gGivxi8JPKWNm/W0jSmzcMPpfpPLc3dY/6GxhX2hQ9iGj3aDfklV4ET7NjKpSinLpJ5vafa9iiGIEZg10SfBw==
  dependencies:
    react-is "^16.7.0"

iconv-lite@~0.4.13:
  version "0.4.24"
  resolved "https://registry.yarnpkg.com/iconv-lite/-/iconv-lite-0.4.24.tgz#2022b4b25fbddc21d2f524974a474aafe733908b"
  integrity sha512-v3MXnZAcvnywkTUEZomIActle7RXXeedOR31wwl7VlyoXO4Qi9arvSenNQWne1TcRwhCL1HwLI21bEqdpj8/rA==
  dependencies:
    safer-buffer ">= 2.1.2 < 3"

intl-format-cache@^4.2.24:
  version "4.2.24"
  resolved "https://registry.yarnpkg.com/intl-format-cache/-/intl-format-cache-4.2.24.tgz#d6a264430553db233aa444acefc4150762d603e4"
  integrity sha512-eea8rHu7ipmUilSd9+MCglgR07E+xJXmTYVFODmeLKsO3Psr/OrixDr6vWprz1whli7cwRdSc1/jHVBxrd+QBw==

intl-messageformat-parser@^4.1.4:
  version "4.1.4"
  resolved "https://registry.yarnpkg.com/intl-messageformat-parser/-/intl-messageformat-parser-4.1.4.tgz#98f3415e6990d44bebf2e0ad8e4cfbacf3ef5ed3"
  integrity sha512-zV4kBUD1yhxSyaXm6bGhmP4HFH9Gh4pRQwNn+xq5P+B1dT8mpaAfU75nfUn4HgddIB6pyFnzM5MQjO55UpJwkQ==
  dependencies:
    "@formatjs/intl-unified-numberformat" "^3.3.3"

intl-messageformat@^8.3.6:
  version "8.3.6"
  resolved "https://registry.yarnpkg.com/intl-messageformat/-/intl-messageformat-8.3.6.tgz#1445e3e9b0e1befedefa86ef1a68e1ffd1a15e11"
  integrity sha512-LUg5ObCM+E5lYzHYJ6enCwZNwxo68QBItAMbXdFYA+v6cF9YD/fD/nZlXiGY/uJ9JG7oJLiFrG9+hxbVv3PgIQ==
  dependencies:
    intl-format-cache "^4.2.24"
    intl-messageformat-parser "^4.1.4"

is-stream@^1.0.1:
  version "1.1.0"
  resolved "https://registry.yarnpkg.com/is-stream/-/is-stream-1.1.0.tgz#12d4a3dd4e68e0b79ceb8dbc84173ae80d91ca44"
  integrity sha1-EtSj3U5o4Lec6428hBc66A2RykQ=

isomorphic-fetch@^2.1.1:
  version "2.2.1"
  resolved "https://registry.yarnpkg.com/isomorphic-fetch/-/isomorphic-fetch-2.2.1.tgz#611ae1acf14f5e81f729507472819fe9733558a9"
  integrity sha1-YRrhrPFPXoH3KVB0coGf6XM1WKk=
  dependencies:
    node-fetch "^1.0.1"
    whatwg-fetch ">=0.10.0"

"js-tokens@^3.0.0 || ^4.0.0":
  version "4.0.0"
  resolved "https://registry.yarnpkg.com/js-tokens/-/js-tokens-4.0.0.tgz#19203fb59991df98e3a287050d4647cdeaf32499"
  integrity sha512-RdJUflcE3cUzKiMqQgsCu06FPu9UdIJO0beYbPhHN4k6apgJtifcoCtT9bcxOpYBtpD2kCM6Sbzg4CausW/PKQ==

lodash.curry@^4.0.1:
  version "4.1.1"
  resolved "https://registry.yarnpkg.com/lodash.curry/-/lodash.curry-4.1.1.tgz#248e36072ede906501d75966200a86dab8b23170"
  integrity sha1-JI42By7ekGUB11lmIAqG2riyMXA=

lodash.flow@^3.3.0:
  version "3.5.0"
  resolved "https://registry.yarnpkg.com/lodash.flow/-/lodash.flow-3.5.0.tgz#87bf40292b8cf83e4e8ce1a3ae4209e20071675a"
  integrity sha1-h79AKSuM+D5OjOGjrkIJ4gBxZ1o=

loose-envify@^1.0.0, loose-envify@^1.1.0, loose-envify@^1.4.0:
  version "1.4.0"
  resolved "https://registry.yarnpkg.com/loose-envify/-/loose-envify-1.4.0.tgz#71ee51fa7be4caec1a63839f7e682d8132d30caf"
  integrity sha512-lyuxPGr/Wfhrlem2CL/UcnUc1zcqKAImBDzukY7Y5F/yQiNdko6+fRLevlw1HgMySw7f611UIY408EtxRSoK3Q==
  dependencies:
    js-tokens "^3.0.0 || ^4.0.0"

node-fetch@^1.0.1:
  version "1.7.3"
  resolved "https://registry.yarnpkg.com/node-fetch/-/node-fetch-1.7.3.tgz#980f6f72d85211a5347c6b2bc18c5b84c3eb47ef"
  integrity sha512-NhZ4CsKx7cYm2vSrBAr2PvFOe6sWDf0UYLRqA6svUYg7+/TSfVAu49jYC4BvQ4Sms9SZgdqGBgroqfDhJdTyKQ==
  dependencies:
    encoding "^0.1.11"
    is-stream "^1.0.1"

object-assign@^4.1.0, object-assign@^4.1.1:
  version "4.1.1"
  resolved "https://registry.yarnpkg.com/object-assign/-/object-assign-4.1.1.tgz#2109adc7965887cfc05cbbd442cac8bfbb360863"
  integrity sha1-IQmtx5ZYh8/AXLvUQsrIv7s2CGM=

promise@^7.1.1:
  version "7.3.1"
  resolved "https://registry.yarnpkg.com/promise/-/promise-7.3.1.tgz#064b72602b18f90f29192b8b1bc418ffd1ebd3bf"
  integrity sha512-nolQXZ/4L+bP/UGlkfaIujX9BKxGwmQ9OT4mOt5yvy8iK1h3wqTEJCijzGANTCCl9nWjY41juyAn2K3Q1hLLTg==
  dependencies:
    asap "~2.0.3"

prop-types@^15.6.0, prop-types@^15.6.2:
  version "15.7.2"
  resolved "https://registry.yarnpkg.com/prop-types/-/prop-types-15.7.2.tgz#52c41e75b8c87e72b9d9360e0206b99dcbffa6c5"
  integrity sha512-8QQikdH7//R2vurIJSutZ1smHYTcLpRWEOlHnzcWHmBYrOGUysKwSsrC89BCiFj3CbrfJ/nXFdJepOVrY1GCHQ==
  dependencies:
    loose-envify "^1.4.0"
    object-assign "^4.1.1"
    react-is "^16.8.1"

pure-color@^1.2.0:
  version "1.3.0"
  resolved "https://registry.yarnpkg.com/pure-color/-/pure-color-1.3.0.tgz#1fe064fb0ac851f0de61320a8bf796836422f33e"
  integrity sha1-H+Bk+wrIUfDeYTIKi/eWg2Qi8z4=

react-base16-styling@^0.6.0:
  version "0.6.0"
  resolved "https://registry.yarnpkg.com/react-base16-styling/-/react-base16-styling-0.6.0.tgz#ef2156d66cf4139695c8a167886cb69ea660792c"
  integrity sha1-7yFW1mz0E5aVyKFniGy2nqZgeSw=
  dependencies:
    base16 "^1.0.0"
    lodash.curry "^4.0.1"
    lodash.flow "^3.3.0"
    pure-color "^1.2.0"

react-dom@^16.13.1:
  version "16.13.1"
  resolved "https://registry.yarnpkg.com/react-dom/-/react-dom-16.13.1.tgz#c1bd37331a0486c078ee54c4740720993b2e0e7f"
  integrity sha512-81PIMmVLnCNLO/fFOQxdQkvEq/+Hfpv24XNJfpyZhTRfO0QcmQIF/PgCa1zCOj2w1hrn12MFLyaJ/G0+Mxtfag==
  dependencies:
    loose-envify "^1.1.0"
    object-assign "^4.1.1"
    prop-types "^15.6.2"
    scheduler "^0.19.1"

react-intl@^4.4.0:
  version "4.4.0"
  resolved "https://registry.yarnpkg.com/react-intl/-/react-intl-4.4.0.tgz#c76e59214272e4b34787a581e8373f7bc19afe19"
  integrity sha512-SId6fgh8sHTujTvOe7Epyk7X7a9nehNihR6xgdclA0RWnkovbLNCtLfa4tPojcx1xr61TgbA8RiAEiwE00LBqg==
  dependencies:
    "@formatjs/intl-displaynames" "^1.2.4"
    "@formatjs/intl-listformat" "^1.4.4"
    "@formatjs/intl-relativetimeformat" "^4.5.12"
    "@formatjs/intl-unified-numberformat" "^3.3.3"
    "@formatjs/intl-utils" "^2.2.2"
    "@types/hoist-non-react-statics" "^3.3.1"
    "@types/invariant" "^2.2.31"
    hoist-non-react-statics "^3.3.2"
    intl-format-cache "^4.2.24"
    intl-messageformat "^8.3.6"
    intl-messageformat-parser "^4.1.4"
    shallow-equal "^1.2.1"

react-is@^16.7.0, react-is@^16.8.1:
  version "16.13.1"
  resolved "https://registry.yarnpkg.com/react-is/-/react-is-16.13.1.tgz#789729a4dc36de2999dc156dd6c1d9c18cea56a4"
  integrity sha512-24e6ynE2H+OKt4kqsOvNd8kBpV65zoxbA4BVsEOB3ARVWQki/DHzaUoC5KuON/BiccDaCCTZBuOcfZs70kR8bQ==

react-json-view@^1.19.1:
  version "1.19.1"
  resolved "https://registry.yarnpkg.com/react-json-view/-/react-json-view-1.19.1.tgz#95d8e59e024f08a25e5dc8f076ae304eed97cf5c"
  integrity sha512-u5e0XDLIs9Rj43vWkKvwL8G3JzvXSl6etuS5G42a8klMohZuYFQzSN6ri+/GiBptDqlrXPTdExJVU7x9rrlXhg==
  dependencies:
    flux "^3.1.3"
    react-base16-styling "^0.6.0"
    react-lifecycles-compat "^3.0.4"
    react-textarea-autosize "^6.1.0"

react-lifecycles-compat@^3.0.4:
  version "3.0.4"
  resolved "https://registry.yarnpkg.com/react-lifecycles-compat/-/react-lifecycles-compat-3.0.4.tgz#4f1a273afdfc8f3488a8c516bfda78f872352362"
  integrity sha512-fBASbA6LnOU9dOU2eW7aQ8xmYBSXUIWr+UmF9b1efZBazGNO+rcXT/icdKnYm2pTwcRylVUYwW7H1PHfLekVzA==

react-textarea-autosize@^6.1.0:
  version "6.1.0"
  resolved "https://registry.yarnpkg.com/react-textarea-autosize/-/react-textarea-autosize-6.1.0.tgz#df91387f8a8f22020b77e3833c09829d706a09a5"
  integrity sha512-F6bI1dgib6fSvG8so1HuArPUv+iVEfPliuLWusLF+gAKz0FbB4jLrWUrTAeq1afnPT2c9toEZYUdz/y1uKMy4A==
  dependencies:
    prop-types "^15.6.0"

react-transition-group@^4.3.0:
  version "4.3.0"
  resolved "https://registry.yarnpkg.com/react-transition-group/-/react-transition-group-4.3.0.tgz#fea832e386cf8796c58b61874a3319704f5ce683"
  integrity sha512-1qRV1ZuVSdxPlPf4O8t7inxUGpdyO5zG9IoNfJxSO0ImU2A1YWkEQvFPuIPZmMLkg5hYs7vv5mMOyfgSkvAwvw==
  dependencies:
    "@babel/runtime" "^7.5.5"
    dom-helpers "^5.0.1"
    loose-envify "^1.4.0"
    prop-types "^15.6.2"

react@^16.13.1:
  version "16.13.1"
  resolved "https://registry.yarnpkg.com/react/-/react-16.13.1.tgz#2e818822f1a9743122c063d6410d85c1e3afe48e"
  integrity sha512-YMZQQq32xHLX0bz5Mnibv1/LHb3Sqzngu7xstSM+vrkE5Kzr9xE0yMByK5kMoTK30YVJE61WfbxIFFvfeDKT1w==
  dependencies:
    loose-envify "^1.1.0"
    object-assign "^4.1.1"
    prop-types "^15.6.2"

regenerator-runtime@^0.13.4:
  version "0.13.5"
  resolved "https://registry.yarnpkg.com/regenerator-runtime/-/regenerator-runtime-0.13.5.tgz#d878a1d094b4306d10b9096484b33ebd55e26697"
  integrity sha512-ZS5w8CpKFinUzOwW3c83oPeVXoNsrLsaCoLtJvAClH135j/R77RuymhiSErhm2lKcwSCIpmvIWSbDkIfAqKQlA==

"safer-buffer@>= 2.1.2 < 3":
  version "2.1.2"
  resolved "https://registry.yarnpkg.com/safer-buffer/-/safer-buffer-2.1.2.tgz#44fa161b0187b9549dd84bb91802f9bd8385cd6a"
  integrity sha512-YZo3K82SD7Riyi0E1EQPojLz7kpepnSQI9IyPbHHg1XXXevb5dJI7tpyN2ADxGcQbHG7vcyRHk0cbwqcQriUtg==

scheduler@^0.19.1:
  version "0.19.1"
  resolved "https://registry.yarnpkg.com/scheduler/-/scheduler-0.19.1.tgz#4f3e2ed2c1a7d65681f4c854fa8c5a1ccb40f196"
  integrity sha512-n/zwRWRYSUj0/3g/otKDRPMh6qv2SYMWNq85IEa8iZyAv8od9zDYpGSnpBEjNgcMNq6Scbu5KfIPxNF72R/2EA==
  dependencies:
    loose-envify "^1.1.0"
    object-assign "^4.1.1"

setimmediate@^1.0.5:
  version "1.0.5"
  resolved "https://registry.yarnpkg.com/setimmediate/-/setimmediate-1.0.5.tgz#290cbb232e306942d7d7ea9b83732ab7856f8285"
  integrity sha1-KQy7Iy4waULX1+qbg3Mqt4VvgoU=

shallow-equal@^1.2.1:
  version "1.2.1"
  resolved "https://registry.yarnpkg.com/shallow-equal/-/shallow-equal-1.2.1.tgz#4c16abfa56043aa20d050324efa68940b0da79da"
  integrity sha512-S4vJDjHHMBaiZuT9NPb616CSmLf618jawtv3sufLl6ivK8WocjAo58cXwbRV1cgqxH0Qbv+iUt6m05eqEa2IRA==

toggle-selection@^1.0.6:
  version "1.0.6"
  resolved "https://registry.yarnpkg.com/toggle-selection/-/toggle-selection-1.0.6.tgz#6e45b1263f2017fa0acc7d89d78b15b8bf77da32"
  integrity sha1-bkWxJj8gF/oKzH2J14sVuL932jI=

ua-parser-js@^0.7.18:
  version "0.7.21"
  resolved "https://registry.yarnpkg.com/ua-parser-js/-/ua-parser-js-0.7.21.tgz#853cf9ce93f642f67174273cc34565ae6f308777"
  integrity sha512-+O8/qh/Qj8CgC6eYBVBykMrNtp5Gebn4dlGD/kKXVkJNDwyrAwSIqwz8CDf+tsAIWVycKcku6gIXJ0qwx/ZXaQ==

"vtex.checkout-cart@https://lucas--checkoutio.myvtex.com/_v/private/typings/linked/v1/vtex.checkout-cart@0.24.6+build1587147216/public/@types/vtex.checkout-cart":
  version "0.24.6"
  resolved "https://lucas--checkoutio.myvtex.com/_v/private/typings/linked/v1/vtex.checkout-cart@0.24.6+build1587147216/public/@types/vtex.checkout-cart#aae131b892db5c72bab42e5749c4279ea8f47a16"

"vtex.checkout-graphql@http://vtex.vtexassets.com/_v/public/typings/v1/vtex.checkout-graphql@0.32.0/public/@types/vtex.checkout-graphql":
  version "0.32.0"
  resolved "http://vtex.vtexassets.com/_v/public/typings/v1/vtex.checkout-graphql@0.32.0/public/@types/vtex.checkout-graphql#eb80b3e7b18260ed0cb6f792d423ea900d94edec"

"vtex.order-manager@http://vtex.vtexassets.com/_v/public/typings/v1/vtex.order-manager@0.8.4/public/@types/vtex.order-manager":
  version "0.8.4"
  resolved "http://vtex.vtexassets.com/_v/public/typings/v1/vtex.order-manager@0.8.4/public/@types/vtex.order-manager#3a4761c73364853954dd61a61d1d01260cbbf634"

"vtex.render-runtime@http://vtex.vtexassets.com/_v/public/typings/v1/vtex.render-runtime@8.99.0/public/@types/vtex.render-runtime":
  version "8.99.0"
  resolved "http://vtex.vtexassets.com/_v/public/typings/v1/vtex.render-runtime@8.99.0/public/@types/vtex.render-runtime#2b514299e4afe4cb940de52278ff4c67525d4985"

"vtex.styleguide@http://vtex.vtexassets.com/_v/public/typings/v1/vtex.styleguide@9.113.2/public/@types/vtex.styleguide":
  version "9.113.2"
  resolved "http://vtex.vtexassets.com/_v/public/typings/v1/vtex.styleguide@9.113.2/public/@types/vtex.styleguide#4e9917c30fe1a2ae3577083e60d16ac4b52537f2"

whatwg-fetch@>=0.10.0:
  version "3.0.0"
  resolved "https://registry.yarnpkg.com/whatwg-fetch/-/whatwg-fetch-3.0.0.tgz#fc804e458cc460009b1a2b966bc8817d2578aefb"
  integrity sha512-9GSJUgz1D4MfyKU7KRqwOjXCXTqWdFNvEr7eUBYchQiVc744mqK/MzXPNR2WsPkmkOa4ywfg8C2n8h+13Bey1Q==
